{
  "name": "Vitastic.Web",
  "lockfileVersion": 3,
  "requires": true,
  "packages": {
    "": {
      "dependencies": {
        "formvalidation": "^0.6.2-dev"
      }
    },
    "node_modules/formvalidation": {
      "version": "0.6.2-dev",
      "resolved": "https://registry.npmjs.org/formvalidation/-/formvalidation-0.6.2-dev.tgz",
      "integrity": "sha512-kka/SbOlV/FZabLW4scOAOQmdohFbtflJca7mvVv20Fab7mueXYZEImXsFqTN5vY2LXrBxigQAEvKjtMJS8WHw==",
      "license": "http://formvalidation.io/license/"
    }
  }
}
